// !$*UTF8*$!
{
	archiveVersion = 1;
	classes = {
	};
	objectVersion = 50;
	objects = {

/* Begin PBXBuildFile section */
		B05E207F20DE8DEE00D62C23 /* AppDelegate.swift in Sources */ = {isa = PBXBuildFile; fileRef = B05E207E20DE8DEE00D62C23 /* AppDelegate.swift */; };
		B05E208120DE8DEE00D62C23 /* ViewController.swift in Sources */ = {isa = PBXBuildFile; fileRef = B05E208020DE8DEE00D62C23 /* ViewController.swift */; };
		B05E208420DE8DEE00D62C23 /* Main.storyboard in Resources */ = {isa = PBXBuildFile; fileRef = B05E208220DE8DEE00D62C23 /* Main.storyboard */; };
		B05E208620DE8DF200D62C23 /* Assets.xcassets in Resources */ = {isa = PBXBuildFile; fileRef = B05E208520DE8DF200D62C23 /* Assets.xcassets */; };
		B05E208920DE8DF200D62C23 /* LaunchScreen.storyboard in Resources */ = {isa = PBXBuildFile; fileRef = B05E208720DE8DF200D62C23 /* LaunchScreen.storyboard */; };
		B05E209420DE8DF200D62C23 /* iOSMeshingTests.swift in Sources */ = {isa = PBXBuildFile; fileRef = B05E209320DE8DF200D62C23 /* iOSMeshingTests.swift */; };
		B05E209F20DE8DF200D62C23 /* iOSMeshingUITests.swift in Sources */ = {isa = PBXBuildFile; fileRef = B05E209E20DE8DF200D62C23 /* iOSMeshingUITests.swift */; };
		B05E20AD20E568DD00D62C23 /* Multipeer.swift in Sources */ = {isa = PBXBuildFile; fileRef = B05E20AC20E568DD00D62C23 /* Multipeer.swift */; };
		B05E20D320EE95EB00D62C23 /* EddystoneURLExtension.swift in Sources */ = {isa = PBXBuildFile; fileRef = B05E20B220EE95EA00D62C23 /* EddystoneURLExtension.swift */; };
		B05E20D420EE95EB00D62C23 /* DataExtension.swift in Sources */ = {isa = PBXBuildFile; fileRef = B05E20B320EE95EA00D62C23 /* DataExtension.swift */; };
		B05E20D520EE95EB00D62C23 /* ThingyUUIDs.swift in Sources */ = {isa = PBXBuildFile; fileRef = B05E20B420EE95EA00D62C23 /* ThingyUUIDs.swift */; };
		B05E20D620EE95EB00D62C23 /* ThingyDFUController.swift in Sources */ = {isa = PBXBuildFile; fileRef = B05E20B620EE95EA00D62C23 /* ThingyDFUController.swift */; };
		B05E20D720EE95EB00D62C23 /* ThingyDFUDelegate.swift in Sources */ = {isa = PBXBuildFile; fileRef = B05E20B720EE95EA00D62C23 /* ThingyDFUDelegate.swift */; };
		B05E20D820EE95EB00D62C23 /* ThingyManager.swift in Sources */ = {isa = PBXBuildFile; fileRef = B05E20B920EE95EB00D62C23 /* ThingyManager.swift */; };
		B05E20D920EE95EB00D62C23 /* ThingyManagerDelegate.swift in Sources */ = {isa = PBXBuildFile; fileRef = B05E20BA20EE95EB00D62C23 /* ThingyManagerDelegate.swift */; };
		B05E20DA20EE95EB00D62C23 /* ThingyManagerState.swift in Sources */ = {isa = PBXBuildFile; fileRef = B05E20BB20EE95EB00D62C23 /* ThingyManagerState.swift */; };
		B05E20DB20EE95EB00D62C23 /* ThingyJumpToBootloaderService.swift in Sources */ = {isa = PBXBuildFile; fileRef = B05E20BE20EE95EB00D62C23 /* ThingyJumpToBootloaderService.swift */; };
		B05E20DC20EE95EB00D62C23 /* ThingyConfigurationService.swift in Sources */ = {isa = PBXBuildFile; fileRef = B05E20C020EE95EB00D62C23 /* ThingyConfigurationService.swift */; };
		B05E20DD20EE95EB00D62C23 /* ThingyBatteryService.swift in Sources */ = {isa = PBXBuildFile; fileRef = B05E20C220EE95EB00D62C23 /* ThingyBatteryService.swift */; };
		B05E20DE20EE95EB00D62C23 /* ThingyEnvironmentService.swift in Sources */ = {isa = PBXBuildFile; fileRef = B05E20C420EE95EB00D62C23 /* ThingyEnvironmentService.swift */; };
		B05E20DF20EE95EB00D62C23 /* ThingyUserInterfaceService.swift in Sources */ = {isa = PBXBuildFile; fileRef = B05E20C620EE95EB00D62C23 /* ThingyUserInterfaceService.swift */; };
		B05E20E020EE95EB00D62C23 /* ThingyService.swift in Sources */ = {isa = PBXBuildFile; fileRef = B05E20C820EE95EB00D62C23 /* ThingyService.swift */; };
		B05E20E120EE95EB00D62C23 /* ThingyCharacteristic.swift in Sources */ = {isa = PBXBuildFile; fileRef = B05E20CA20EE95EB00D62C23 /* ThingyCharacteristic.swift */; };
		B05E20E220EE95EB00D62C23 /* ThingySoundService.swift in Sources */ = {isa = PBXBuildFile; fileRef = B05E20CC20EE95EB00D62C23 /* ThingySoundService.swift */; };
		B05E20E320EE95EB00D62C23 /* ThingyMotionService.swift in Sources */ = {isa = PBXBuildFile; fileRef = B05E20CE20EE95EB00D62C23 /* ThingyMotionService.swift */; };
		B05E20E420EE95EB00D62C23 /* ThingyPeripheralDelegate.swift in Sources */ = {isa = PBXBuildFile; fileRef = B05E20D020EE95EB00D62C23 /* ThingyPeripheralDelegate.swift */; };
		B05E20E520EE95EB00D62C23 /* ThingyPeripheral.swift in Sources */ = {isa = PBXBuildFile; fileRef = B05E20D120EE95EB00D62C23 /* ThingyPeripheral.swift */; };
		B05E20E620EE95EB00D62C23 /* ThingyPeripheralState.swift in Sources */ = {isa = PBXBuildFile; fileRef = B05E20D220EE95EB00D62C23 /* ThingyPeripheralState.swift */; };
/* End PBXBuildFile section */

/* Begin PBXContainerItemProxy section */
		B05E209020DE8DF200D62C23 /* PBXContainerItemProxy */ = {
			isa = PBXContainerItemProxy;
			containerPortal = B05E207320DE8DEE00D62C23 /* Project object */;
			proxyType = 1;
			remoteGlobalIDString = B05E207A20DE8DEE00D62C23;
			remoteInfo = iOSMeshing;
		};
		B05E209B20DE8DF200D62C23 /* PBXContainerItemProxy */ = {
			isa = PBXContainerItemProxy;
			containerPortal = B05E207320DE8DEE00D62C23 /* Project object */;
			proxyType = 1;
			remoteGlobalIDString = B05E207A20DE8DEE00D62C23;
			remoteInfo = iOSMeshing;
		};
/* End PBXContainerItemProxy section */

/* Begin PBXFileReference section */
		B05E207B20DE8DEE00D62C23 /* iOSMeshing.app */ = {isa = PBXFileReference; explicitFileType = wrapper.application; includeInIndex = 0; path = iOSMeshing.app; sourceTree = BUILT_PRODUCTS_DIR; };
		B05E207E20DE8DEE00D62C23 /* AppDelegate.swift */ = {isa = PBXFileReference; lastKnownFileType = sourcecode.swift; path = AppDelegate.swift; sourceTree = "<group>"; };
		B05E208020DE8DEE00D62C23 /* ViewController.swift */ = {isa = PBXFileReference; lastKnownFileType = sourcecode.swift; path = ViewController.swift; sourceTree = "<group>"; };
		B05E208320DE8DEE00D62C23 /* Base */ = {isa = PBXFileReference; lastKnownFileType = file.storyboard; name = Base; path = Base.lproj/Main.storyboard; sourceTree = "<group>"; };
		B05E208520DE8DF200D62C23 /* Assets.xcassets */ = {isa = PBXFileReference; lastKnownFileType = folder.assetcatalog; path = Assets.xcassets; sourceTree = "<group>"; };
		B05E208820DE8DF200D62C23 /* Base */ = {isa = PBXFileReference; lastKnownFileType = file.storyboard; name = Base; path = Base.lproj/LaunchScreen.storyboard; sourceTree = "<group>"; };
		B05E208A20DE8DF200D62C23 /* Info.plist */ = {isa = PBXFileReference; lastKnownFileType = text.plist.xml; path = Info.plist; sourceTree = "<group>"; };
		B05E208F20DE8DF200D62C23 /* iOSMeshingTests.xctest */ = {isa = PBXFileReference; explicitFileType = wrapper.cfbundle; includeInIndex = 0; path = iOSMeshingTests.xctest; sourceTree = BUILT_PRODUCTS_DIR; };
		B05E209320DE8DF200D62C23 /* iOSMeshingTests.swift */ = {isa = PBXFileReference; lastKnownFileType = sourcecode.swift; path = iOSMeshingTests.swift; sourceTree = "<group>"; };
		B05E209520DE8DF200D62C23 /* Info.plist */ = {isa = PBXFileReference; lastKnownFileType = text.plist.xml; path = Info.plist; sourceTree = "<group>"; };
		B05E209A20DE8DF200D62C23 /* iOSMeshingUITests.xctest */ = {isa = PBXFileReference; explicitFileType = wrapper.cfbundle; includeInIndex = 0; path = iOSMeshingUITests.xctest; sourceTree = BUILT_PRODUCTS_DIR; };
		B05E209E20DE8DF200D62C23 /* iOSMeshingUITests.swift */ = {isa = PBXFileReference; lastKnownFileType = sourcecode.swift; path = iOSMeshingUITests.swift; sourceTree = "<group>"; };
		B05E20A020DE8DF200D62C23 /* Info.plist */ = {isa = PBXFileReference; lastKnownFileType = text.plist.xml; path = Info.plist; sourceTree = "<group>"; };
		B05E20AC20E568DD00D62C23 /* Multipeer.swift */ = {isa = PBXFileReference; lastKnownFileType = sourcecode.swift; path = Multipeer.swift; sourceTree = "<group>"; };
		B05E20B220EE95EA00D62C23 /* EddystoneURLExtension.swift */ = {isa = PBXFileReference; fileEncoding = 4; lastKnownFileType = sourcecode.swift; path = EddystoneURLExtension.swift; sourceTree = "<group>"; };
		B05E20B320EE95EA00D62C23 /* DataExtension.swift */ = {isa = PBXFileReference; fileEncoding = 4; lastKnownFileType = sourcecode.swift; path = DataExtension.swift; sourceTree = "<group>"; };
		B05E20B420EE95EA00D62C23 /* ThingyUUIDs.swift */ = {isa = PBXFileReference; fileEncoding = 4; lastKnownFileType = sourcecode.swift; path = ThingyUUIDs.swift; sourceTree = "<group>"; };
		B05E20B620EE95EA00D62C23 /* ThingyDFUController.swift */ = {isa = PBXFileReference; fileEncoding = 4; lastKnownFileType = sourcecode.swift; path = ThingyDFUController.swift; sourceTree = "<group>"; };
		B05E20B720EE95EA00D62C23 /* ThingyDFUDelegate.swift */ = {isa = PBXFileReference; fileEncoding = 4; lastKnownFileType = sourcecode.swift; path = ThingyDFUDelegate.swift; sourceTree = "<group>"; };
		B05E20B920EE95EB00D62C23 /* ThingyManager.swift */ = {isa = PBXFileReference; fileEncoding = 4; lastKnownFileType = sourcecode.swift; path = ThingyManager.swift; sourceTree = "<group>"; };
		B05E20BA20EE95EB00D62C23 /* ThingyManagerDelegate.swift */ = {isa = PBXFileReference; fileEncoding = 4; lastKnownFileType = sourcecode.swift; path = ThingyManagerDelegate.swift; sourceTree = "<group>"; };
		B05E20BB20EE95EB00D62C23 /* ThingyManagerState.swift */ = {isa = PBXFileReference; fileEncoding = 4; lastKnownFileType = sourcecode.swift; path = ThingyManagerState.swift; sourceTree = "<group>"; };
		B05E20BE20EE95EB00D62C23 /* ThingyJumpToBootloaderService.swift */ = {isa = PBXFileReference; fileEncoding = 4; lastKnownFileType = sourcecode.swift; path = ThingyJumpToBootloaderService.swift; sourceTree = "<group>"; };
		B05E20C020EE95EB00D62C23 /* ThingyConfigurationService.swift */ = {isa = PBXFileReference; fileEncoding = 4; lastKnownFileType = sourcecode.swift; path = ThingyConfigurationService.swift; sourceTree = "<group>"; };
		B05E20C220EE95EB00D62C23 /* ThingyBatteryService.swift */ = {isa = PBXFileReference; fileEncoding = 4; lastKnownFileType = sourcecode.swift; path = ThingyBatteryService.swift; sourceTree = "<group>"; };
		B05E20C420EE95EB00D62C23 /* ThingyEnvironmentService.swift */ = {isa = PBXFileReference; fileEncoding = 4; lastKnownFileType = sourcecode.swift; path = ThingyEnvironmentService.swift; sourceTree = "<group>"; };
		B05E20C620EE95EB00D62C23 /* ThingyUserInterfaceService.swift */ = {isa = PBXFileReference; fileEncoding = 4; lastKnownFileType = sourcecode.swift; path = ThingyUserInterfaceService.swift; sourceTree = "<group>"; };
		B05E20C820EE95EB00D62C23 /* ThingyService.swift */ = {isa = PBXFileReference; fileEncoding = 4; lastKnownFileType = sourcecode.swift; path = ThingyService.swift; sourceTree = "<group>"; };
		B05E20CA20EE95EB00D62C23 /* ThingyCharacteristic.swift */ = {isa = PBXFileReference; fileEncoding = 4; lastKnownFileType = sourcecode.swift; path = ThingyCharacteristic.swift; sourceTree = "<group>"; };
		B05E20CC20EE95EB00D62C23 /* ThingySoundService.swift */ = {isa = PBXFileReference; fileEncoding = 4; lastKnownFileType = sourcecode.swift; path = ThingySoundService.swift; sourceTree = "<group>"; };
		B05E20CE20EE95EB00D62C23 /* ThingyMotionService.swift */ = {isa = PBXFileReference; fileEncoding = 4; lastKnownFileType = sourcecode.swift; path = ThingyMotionService.swift; sourceTree = "<group>"; };
		B05E20D020EE95EB00D62C23 /* ThingyPeripheralDelegate.swift */ = {isa = PBXFileReference; fileEncoding = 4; lastKnownFileType = sourcecode.swift; path = ThingyPeripheralDelegate.swift; sourceTree = "<group>"; };
		B05E20D120EE95EB00D62C23 /* ThingyPeripheral.swift */ = {isa = PBXFileReference; fileEncoding = 4; lastKnownFileType = sourcecode.swift; path = ThingyPeripheral.swift; sourceTree = "<group>"; };
		B05E20D220EE95EB00D62C23 /* ThingyPeripheralState.swift */ = {isa = PBXFileReference; fileEncoding = 4; lastKnownFileType = sourcecode.swift; path = ThingyPeripheralState.swift; sourceTree = "<group>"; };
/* End PBXFileReference section */

/* Begin PBXFrameworksBuildPhase section */
		B05E207820DE8DEE00D62C23 /* Frameworks */ = {
			isa = PBXFrameworksBuildPhase;
			buildActionMask = 2147483647;
			files = (
			);
			runOnlyForDeploymentPostprocessing = 0;
		};
		B05E208C20DE8DF200D62C23 /* Frameworks */ = {
			isa = PBXFrameworksBuildPhase;
			buildActionMask = 2147483647;
			files = (
			);
			runOnlyForDeploymentPostprocessing = 0;
		};
		B05E209720DE8DF200D62C23 /* Frameworks */ = {
			isa = PBXFrameworksBuildPhase;
			buildActionMask = 2147483647;
			files = (
			);
			runOnlyForDeploymentPostprocessing = 0;
		};
/* End PBXFrameworksBuildPhase section */

/* Begin PBXGroup section */
		B05E207220DE8DEE00D62C23 = {
			isa = PBXGroup;
			children = (
				B05E207D20DE8DEE00D62C23 /* iOSMeshing */,
				B05E209220DE8DF200D62C23 /* iOSMeshingTests */,
				B05E209D20DE8DF200D62C23 /* iOSMeshingUITests */,
				B05E207C20DE8DEE00D62C23 /* Products */,
			);
			sourceTree = "<group>";
		};
		B05E207C20DE8DEE00D62C23 /* Products */ = {
			isa = PBXGroup;
			children = (
				B05E207B20DE8DEE00D62C23 /* iOSMeshing.app */,
				B05E208F20DE8DF200D62C23 /* iOSMeshingTests.xctest */,
				B05E209A20DE8DF200D62C23 /* iOSMeshingUITests.xctest */,
			);
			name = Products;
			sourceTree = "<group>";
		};
		B05E207D20DE8DEE00D62C23 /* iOSMeshing */ = {
			isa = PBXGroup;
			children = (
				B05E20AE20EE94F000D62C23 /* Thingy SDK */,
				B05E207E20DE8DEE00D62C23 /* AppDelegate.swift */,
				B05E208020DE8DEE00D62C23 /* ViewController.swift */,
				B05E208220DE8DEE00D62C23 /* Main.storyboard */,
				B05E208520DE8DF200D62C23 /* Assets.xcassets */,
				B05E208720DE8DF200D62C23 /* LaunchScreen.storyboard */,
				B05E208A20DE8DF200D62C23 /* Info.plist */,
				B05E20AC20E568DD00D62C23 /* Multipeer.swift */,
			);
			path = iOSMeshing;
			sourceTree = "<group>";
		};
		B05E209220DE8DF200D62C23 /* iOSMeshingTests */ = {
			isa = PBXGroup;
			children = (
				B05E209320DE8DF200D62C23 /* iOSMeshingTests.swift */,
				B05E209520DE8DF200D62C23 /* Info.plist */,
			);
			path = iOSMeshingTests;
			sourceTree = "<group>";
		};
		B05E209D20DE8DF200D62C23 /* iOSMeshingUITests */ = {
			isa = PBXGroup;
			children = (
				B05E209E20DE8DF200D62C23 /* iOSMeshingUITests.swift */,
				B05E20A020DE8DF200D62C23 /* Info.plist */,
			);
			path = iOSMeshingUITests;
			sourceTree = "<group>";
		};
		B05E20AE20EE94F000D62C23 /* Thingy SDK */ = {
			isa = PBXGroup;
			children = (
				B05E20B520EE95EA00D62C23 /* DFU */,
				B05E20B120EE95EA00D62C23 /* Helpers */,
				B05E20B820EE95EB00D62C23 /* Manager */,
				B05E20CF20EE95EB00D62C23 /* Peripheral */,
				B05E20BC20EE95EB00D62C23 /* Services */,
			);
			path = "Thingy SDK";
			sourceTree = "<group>";
		};
		B05E20B120EE95EA00D62C23 /* Helpers */ = {
			isa = PBXGroup;
			children = (
				B05E20B220EE95EA00D62C23 /* EddystoneURLExtension.swift */,
				B05E20B320EE95EA00D62C23 /* DataExtension.swift */,
				B05E20B420EE95EA00D62C23 /* ThingyUUIDs.swift */,
			);
			path = Helpers;
			sourceTree = "<group>";
		};
		B05E20B520EE95EA00D62C23 /* DFU */ = {
			isa = PBXGroup;
			children = (
				B05E20B620EE95EA00D62C23 /* ThingyDFUController.swift */,
				B05E20B720EE95EA00D62C23 /* ThingyDFUDelegate.swift */,
			);
			path = DFU;
			sourceTree = "<group>";
		};
		B05E20B820EE95EB00D62C23 /* Manager */ = {
			isa = PBXGroup;
			children = (
				B05E20B920EE95EB00D62C23 /* ThingyManager.swift */,
				B05E20BA20EE95EB00D62C23 /* ThingyManagerDelegate.swift */,
				B05E20BB20EE95EB00D62C23 /* ThingyManagerState.swift */,
			);
			path = Manager;
			sourceTree = "<group>";
		};
		B05E20BC20EE95EB00D62C23 /* Services */ = {
			isa = PBXGroup;
			children = (
				B05E20BD20EE95EB00D62C23 /* JumpToBootloaderService */,
				B05E20BF20EE95EB00D62C23 /* ConfigurationService */,
				B05E20C120EE95EB00D62C23 /* BatteryService */,
				B05E20C320EE95EB00D62C23 /* EnvironmentService */,
				B05E20C520EE95EB00D62C23 /* UIService */,
				B05E20C720EE95EB00D62C23 /* ThingyService */,
				B05E20CB20EE95EB00D62C23 /* SoundService */,
				B05E20CD20EE95EB00D62C23 /* MotionService */,
			);
			path = Services;
			sourceTree = "<group>";
		};
		B05E20BD20EE95EB00D62C23 /* JumpToBootloaderService */ = {
			isa = PBXGroup;
			children = (
				B05E20BE20EE95EB00D62C23 /* ThingyJumpToBootloaderService.swift */,
			);
			path = JumpToBootloaderService;
			sourceTree = "<group>";
		};
		B05E20BF20EE95EB00D62C23 /* ConfigurationService */ = {
			isa = PBXGroup;
			children = (
				B05E20C020EE95EB00D62C23 /* ThingyConfigurationService.swift */,
			);
			path = ConfigurationService;
			sourceTree = "<group>";
		};
		B05E20C120EE95EB00D62C23 /* BatteryService */ = {
			isa = PBXGroup;
			children = (
				B05E20C220EE95EB00D62C23 /* ThingyBatteryService.swift */,
			);
			path = BatteryService;
			sourceTree = "<group>";
		};
		B05E20C320EE95EB00D62C23 /* EnvironmentService */ = {
			isa = PBXGroup;
			children = (
				B05E20C420EE95EB00D62C23 /* ThingyEnvironmentService.swift */,
			);
			path = EnvironmentService;
			sourceTree = "<group>";
		};
		B05E20C520EE95EB00D62C23 /* UIService */ = {
			isa = PBXGroup;
			children = (
				B05E20C620EE95EB00D62C23 /* ThingyUserInterfaceService.swift */,
			);
			path = UIService;
			sourceTree = "<group>";
		};
		B05E20C720EE95EB00D62C23 /* ThingyService */ = {
			isa = PBXGroup;
			children = (
				B05E20C820EE95EB00D62C23 /* ThingyService.swift */,
				B05E20C920EE95EB00D62C23 /* Characteristics */,
			);
			path = ThingyService;
			sourceTree = "<group>";
		};
		B05E20C920EE95EB00D62C23 /* Characteristics */ = {
			isa = PBXGroup;
			children = (
				B05E20CA20EE95EB00D62C23 /* ThingyCharacteristic.swift */,
			);
			path = Characteristics;
			sourceTree = "<group>";
		};
		B05E20CB20EE95EB00D62C23 /* SoundService */ = {
			isa = PBXGroup;
			children = (
				B05E20CC20EE95EB00D62C23 /* ThingySoundService.swift */,
			);
			path = SoundService;
			sourceTree = "<group>";
		};
		B05E20CD20EE95EB00D62C23 /* MotionService */ = {
			isa = PBXGroup;
			children = (
				B05E20CE20EE95EB00D62C23 /* ThingyMotionService.swift */,
			);
			path = MotionService;
			sourceTree = "<group>";
		};
		B05E20CF20EE95EB00D62C23 /* Peripheral */ = {
			isa = PBXGroup;
			children = (
				B05E20D020EE95EB00D62C23 /* ThingyPeripheralDelegate.swift */,
				B05E20D120EE95EB00D62C23 /* ThingyPeripheral.swift */,
				B05E20D220EE95EB00D62C23 /* ThingyPeripheralState.swift */,
			);
			path = Peripheral;
			sourceTree = "<group>";
		};
/* End PBXGroup section */

/* Begin PBXNativeTarget section */
		B05E207A20DE8DEE00D62C23 /* iOSMeshing */ = {
			isa = PBXNativeTarget;
			buildConfigurationList = B05E20A320DE8DF300D62C23 /* Build configuration list for PBXNativeTarget "iOSMeshing" */;
			buildPhases = (
				B05E207720DE8DEE00D62C23 /* Sources */,
				B05E207820DE8DEE00D62C23 /* Frameworks */,
				B05E207920DE8DEE00D62C23 /* Resources */,
			);
			buildRules = (
			);
			dependencies = (
			);
			name = iOSMeshing;
			productName = iOSMeshing;
			productReference = B05E207B20DE8DEE00D62C23 /* iOSMeshing.app */;
			productType = "com.apple.product-type.application";
		};
		B05E208E20DE8DF200D62C23 /* iOSMeshingTests */ = {
			isa = PBXNativeTarget;
			buildConfigurationList = B05E20A620DE8DF300D62C23 /* Build configuration list for PBXNativeTarget "iOSMeshingTests" */;
			buildPhases = (
				B05E208B20DE8DF200D62C23 /* Sources */,
				B05E208C20DE8DF200D62C23 /* Frameworks */,
				B05E208D20DE8DF200D62C23 /* Resources */,
			);
			buildRules = (
			);
			dependencies = (
				B05E209120DE8DF200D62C23 /* PBXTargetDependency */,
			);
			name = iOSMeshingTests;
			productName = iOSMeshingTests;
			productReference = B05E208F20DE8DF200D62C23 /* iOSMeshingTests.xctest */;
			productType = "com.apple.product-type.bundle.unit-test";
		};
		B05E209920DE8DF200D62C23 /* iOSMeshingUITests */ = {
			isa = PBXNativeTarget;
			buildConfigurationList = B05E20A920DE8DF300D62C23 /* Build configuration list for PBXNativeTarget "iOSMeshingUITests" */;
			buildPhases = (
				B05E209620DE8DF200D62C23 /* Sources */,
				B05E209720DE8DF200D62C23 /* Frameworks */,
				B05E209820DE8DF200D62C23 /* Resources */,
			);
			buildRules = (
			);
			dependencies = (
				B05E209C20DE8DF200D62C23 /* PBXTargetDependency */,
			);
			name = iOSMeshingUITests;
			productName = iOSMeshingUITests;
			productReference = B05E209A20DE8DF200D62C23 /* iOSMeshingUITests.xctest */;
			productType = "com.apple.product-type.bundle.ui-testing";
		};
/* End PBXNativeTarget section */

/* Begin PBXProject section */
		B05E207320DE8DEE00D62C23 /* Project object */ = {
			isa = PBXProject;
			attributes = {
				LastSwiftUpdateCheck = 0940;
				LastUpgradeCheck = 0940;
				ORGANIZATIONNAME = "Matthieu LEFEBVRE";
				TargetAttributes = {
					B05E207A20DE8DEE00D62C23 = {
						CreatedOnToolsVersion = 9.4.1;
					};
					B05E208E20DE8DF200D62C23 = {
						CreatedOnToolsVersion = 9.4.1;
						TestTargetID = B05E207A20DE8DEE00D62C23;
					};
					B05E209920DE8DF200D62C23 = {
						CreatedOnToolsVersion = 9.4.1;
						TestTargetID = B05E207A20DE8DEE00D62C23;
					};
				};
			};
			buildConfigurationList = B05E207620DE8DEE00D62C23 /* Build configuration list for PBXProject "iOSMeshing" */;
			compatibilityVersion = "Xcode 9.3";
			developmentRegion = en;
			hasScannedForEncodings = 0;
			knownRegions = (
				en,
				Base,
			);
			mainGroup = B05E207220DE8DEE00D62C23;
			productRefGroup = B05E207C20DE8DEE00D62C23 /* Products */;
			projectDirPath = "";
			projectRoot = "";
			targets = (
				B05E207A20DE8DEE00D62C23 /* iOSMeshing */,
				B05E208E20DE8DF200D62C23 /* iOSMeshingTests */,
				B05E209920DE8DF200D62C23 /* iOSMeshingUITests */,
			);
		};
/* End PBXProject section */

/* Begin PBXResourcesBuildPhase section */
		B05E207920DE8DEE00D62C23 /* Resources */ = {
			isa = PBXResourcesBuildPhase;
			buildActionMask = 2147483647;
			files = (
				B05E208920DE8DF200D62C23 /* LaunchScreen.storyboard in Resources */,
				B05E208620DE8DF200D62C23 /* Assets.xcassets in Resources */,
				B05E208420DE8DEE00D62C23 /* Main.storyboard in Resources */,
			);
			runOnlyForDeploymentPostprocessing = 0;
		};
		B05E208D20DE8DF200D62C23 /* Resources */ = {
			isa = PBXResourcesBuildPhase;
			buildActionMask = 2147483647;
			files = (
			);
			runOnlyForDeploymentPostprocessing = 0;
		};
		B05E209820DE8DF200D62C23 /* Resources */ = {
			isa = PBXResourcesBuildPhase;
			buildActionMask = 2147483647;
			files = (
			);
			runOnlyForDeploymentPostprocessing = 0;
		};
/* End PBXResourcesBuildPhase section */

/* Begin PBXSourcesBuildPhase section */
		B05E207720DE8DEE00D62C23 /* Sources */ = {
			isa = PBXSourcesBuildPhase;
			buildActionMask = 2147483647;
			files = (
				B05E208120DE8DEE00D62C23 /* ViewController.swift in Sources */,
				B05E20D320EE95EB00D62C23 /* EddystoneURLExtension.swift in Sources */,
				B05E20E520EE95EB00D62C23 /* ThingyPeripheral.swift in Sources */,
				B05E20E320EE95EB00D62C23 /* ThingyMotionService.swift in Sources */,
				B05E20E620EE95EB00D62C23 /* ThingyPeripheralState.swift in Sources */,
				B05E20DD20EE95EB00D62C23 /* ThingyBatteryService.swift in Sources */,
				B05E207F20DE8DEE00D62C23 /* AppDelegate.swift in Sources */,
				B05E20E220EE95EB00D62C23 /* ThingySoundService.swift in Sources */,
				B05E20DC20EE95EB00D62C23 /* ThingyConfigurationService.swift in Sources */,
				B05E20E120EE95EB00D62C23 /* ThingyCharacteristic.swift in Sources */,
				B05E20D520EE95EB00D62C23 /* ThingyUUIDs.swift in Sources */,
				B05E20DA20EE95EB00D62C23 /* ThingyManagerState.swift in Sources */,
				B05E20D820EE95EB00D62C23 /* ThingyManager.swift in Sources */,
				B05E20E420EE95EB00D62C23 /* ThingyPeripheralDelegate.swift in Sources */,
				B05E20AD20E568DD00D62C23 /* Multipeer.swift in Sources */,
				B05E20D420EE95EB00D62C23 /* DataExtension.swift in Sources */,
				B05E20DB20EE95EB00D62C23 /* ThingyJumpToBootloaderService.swift in Sources */,
				B05E20D620EE95EB00D62C23 /* ThingyDFUController.swift in Sources */,
				B05E20D720EE95EB00D62C23 /* ThingyDFUDelegate.swift in Sources */,
				B05E20DE20EE95EB00D62C23 /* ThingyEnvironmentService.swift in Sources */,
				B05E20E020EE95EB00D62C23 /* ThingyService.swift in Sources */,
				B05E20DF20EE95EB00D62C23 /* ThingyUserInterfaceService.swift in Sources */,
				B05E20D920EE95EB00D62C23 /* ThingyManagerDelegate.swift in Sources */,
			);
			runOnlyForDeploymentPostprocessing = 0;
		};
		B05E208B20DE8DF200D62C23 /* Sources */ = {
			isa = PBXSourcesBuildPhase;
			buildActionMask = 2147483647;
			files = (
				B05E209420DE8DF200D62C23 /* iOSMeshingTests.swift in Sources */,
			);
			runOnlyForDeploymentPostprocessing = 0;
		};
		B05E209620DE8DF200D62C23 /* Sources */ = {
			isa = PBXSourcesBuildPhase;
			buildActionMask = 2147483647;
			files = (
				B05E209F20DE8DF200D62C23 /* iOSMeshingUITests.swift in Sources */,
			);
			runOnlyForDeploymentPostprocessing = 0;
		};
/* End PBXSourcesBuildPhase section */

/* Begin PBXTargetDependency section */
		B05E209120DE8DF200D62C23 /* PBXTargetDependency */ = {
			isa = PBXTargetDependency;
			target = B05E207A20DE8DEE00D62C23 /* iOSMeshing */;
			targetProxy = B05E209020DE8DF200D62C23 /* PBXContainerItemProxy */;
		};
		B05E209C20DE8DF200D62C23 /* PBXTargetDependency */ = {
			isa = PBXTargetDependency;
			target = B05E207A20DE8DEE00D62C23 /* iOSMeshing */;
			targetProxy = B05E209B20DE8DF200D62C23 /* PBXContainerItemProxy */;
		};
/* End PBXTargetDependency section */

/* Begin PBXVariantGroup section */
		B05E208220DE8DEE00D62C23 /* Main.storyboard */ = {
			isa = PBXVariantGroup;
			children = (
				B05E208320DE8DEE00D62C23 /* Base */,
			);
			name = Main.storyboard;
			sourceTree = "<group>";
		};
		B05E208720DE8DF200D62C23 /* LaunchScreen.storyboard */ = {
			isa = PBXVariantGroup;
			children = (
				B05E208820DE8DF200D62C23 /* Base */,
			);
			name = LaunchScreen.storyboard;
			sourceTree = "<group>";
		};
/* End PBXVariantGroup section */

/* Begin XCBuildConfiguration section */
		B05E20A120DE8DF300D62C23 /* Debug */ = {
			isa = XCBuildConfiguration;
			buildSettings = {
				ALWAYS_SEARCH_USER_PATHS = NO;
				CLANG_ANALYZER_NONNULL = YES;
				CLANG_ANALYZER_NUMBER_OBJECT_CONVERSION = YES_AGGRESSIVE;
				CLANG_CXX_LANGUAGE_STANDARD = "gnu++14";
				CLANG_CXX_LIBRARY = "libc++";
				CLANG_ENABLE_MODULES = YES;
				CLANG_ENABLE_OBJC_ARC = YES;
				CLANG_ENABLE_OBJC_WEAK = YES;
				CLANG_WARN_BLOCK_CAPTURE_AUTORELEASING = YES;
				CLANG_WARN_BOOL_CONVERSION = YES;
				CLANG_WARN_COMMA = YES;
				CLANG_WARN_CONSTANT_CONVERSION = YES;
				CLANG_WARN_DEPRECATED_OBJC_IMPLEMENTATIONS = YES;
				CLANG_WARN_DIRECT_OBJC_ISA_USAGE = YES_ERROR;
				CLANG_WARN_DOCUMENTATION_COMMENTS = YES;
				CLANG_WARN_EMPTY_BODY = YES;
				CLANG_WARN_ENUM_CONVERSION = YES;
				CLANG_WARN_INFINITE_RECURSION = YES;
				CLANG_WARN_INT_CONVERSION = YES;
				CLANG_WARN_NON_LITERAL_NULL_CONVERSION = YES;
				CLANG_WARN_OBJC_IMPLICIT_RETAIN_SELF = YES;
				CLANG_WARN_OBJC_LITERAL_CONVERSION = YES;
				CLANG_WARN_OBJC_ROOT_CLASS = YES_ERROR;
				CLANG_WARN_RANGE_LOOP_ANALYSIS = YES;
				CLANG_WARN_STRICT_PROTOTYPES = YES;
				CLANG_WARN_SUSPICIOUS_MOVE = YES;
				CLANG_WARN_UNGUARDED_AVAILABILITY = YES_AGGRESSIVE;
				CLANG_WARN_UNREACHABLE_CODE = YES;
				CLANG_WARN__DUPLICATE_METHOD_MATCH = YES;
				CODE_SIGN_IDENTITY = "iPhone Developer";
				COPY_PHASE_STRIP = NO;
				DEBUG_INFORMATION_FORMAT = dwarf;
				ENABLE_STRICT_OBJC_MSGSEND = YES;
				ENABLE_TESTABILITY = YES;
				GCC_C_LANGUAGE_STANDARD = gnu11;
				GCC_DYNAMIC_NO_PIC = NO;
				GCC_NO_COMMON_BLOCKS = YES;
				GCC_OPTIMIZATION_LEVEL = 0;
				GCC_PREPROCESSOR_DEFINITIONS = (
					"DEBUG=1",
					"$(inherited)",
				);
				GCC_WARN_64_TO_32_BIT_CONVERSION = YES;
				GCC_WARN_ABOUT_RETURN_TYPE = YES_ERROR;
				GCC_WARN_UNDECLARED_SELECTOR = YES;
				GCC_WARN_UNINITIALIZED_AUTOS = YES_AGGRESSIVE;
				GCC_WARN_UNUSED_FUNCTION = YES;
				GCC_WARN_UNUSED_VARIABLE = YES;
				IPHONEOS_DEPLOYMENT_TARGET = 11.4;
				MTL_ENABLE_DEBUG_INFO = YES;
				ONLY_ACTIVE_ARCH = YES;
				SDKROOT = iphoneos;
				SWIFT_ACTIVE_COMPILATION_CONDITIONS = DEBUG;
				SWIFT_OPTIMIZATION_LEVEL = "-Onone";
			};
			name = Debug;
		};
		B05E20A220DE8DF300D62C23 /* Release */ = {
			isa = XCBuildConfiguration;
			buildSettings = {
				ALWAYS_SEARCH_USER_PATHS = NO;
				CLANG_ANALYZER_NONNULL = YES;
				CLANG_ANALYZER_NUMBER_OBJECT_CONVERSION = YES_AGGRESSIVE;
				CLANG_CXX_LANGUAGE_STANDARD = "gnu++14";
				CLANG_CXX_LIBRARY = "libc++";
				CLANG_ENABLE_MODULES = YES;
				CLANG_ENABLE_OBJC_ARC = YES;
				CLANG_ENABLE_OBJC_WEAK = YES;
				CLANG_WARN_BLOCK_CAPTURE_AUTORELEASING = YES;
				CLANG_WARN_BOOL_CONVERSION = YES;
				CLANG_WARN_COMMA = YES;
				CLANG_WARN_CONSTANT_CONVERSION = YES;
				CLANG_WARN_DEPRECATED_OBJC_IMPLEMENTATIONS = YES;
				CLANG_WARN_DIRECT_OBJC_ISA_USAGE = YES_ERROR;
				CLANG_WARN_DOCUMENTATION_COMMENTS = YES;
				CLANG_WARN_EMPTY_BODY = YES;
				CLANG_WARN_ENUM_CONVERSION = YES;
				CLANG_WARN_INFINITE_RECURSION = YES;
				CLANG_WARN_INT_CONVERSION = YES;
				CLANG_WARN_NON_LITERAL_NULL_CONVERSION = YES;
				CLANG_WARN_OBJC_IMPLICIT_RETAIN_SELF = YES;
				CLANG_WARN_OBJC_LITERAL_CONVERSION = YES;
				CLANG_WARN_OBJC_ROOT_CLASS = YES_ERROR;
				CLANG_WARN_RANGE_LOOP_ANALYSIS = YES;
				CLANG_WARN_STRICT_PROTOTYPES = YES;
				CLANG_WARN_SUSPICIOUS_MOVE = YES;
				CLANG_WARN_UNGUARDED_AVAILABILITY = YES_AGGRESSIVE;
				CLANG_WARN_UNREACHABLE_CODE = YES;
				CLANG_WARN__DUPLICATE_METHOD_MATCH = YES;
				CODE_SIGN_IDENTITY = "iPhone Developer";
				COPY_PHASE_STRIP = NO;
				DEBUG_INFORMATION_FORMAT = "dwarf-with-dsym";
				ENABLE_NS_ASSERTIONS = NO;
				ENABLE_STRICT_OBJC_MSGSEND = YES;
				GCC_C_LANGUAGE_STANDARD = gnu11;
				GCC_NO_COMMON_BLOCKS = YES;
				GCC_WARN_64_TO_32_BIT_CONVERSION = YES;
				GCC_WARN_ABOUT_RETURN_TYPE = YES_ERROR;
				GCC_WARN_UNDECLARED_SELECTOR = YES;
				GCC_WARN_UNINITIALIZED_AUTOS = YES_AGGRESSIVE;
				GCC_WARN_UNUSED_FUNCTION = YES;
				GCC_WARN_UNUSED_VARIABLE = YES;
				IPHONEOS_DEPLOYMENT_TARGET = 11.4;
				MTL_ENABLE_DEBUG_INFO = NO;
				SDKROOT = iphoneos;
				SWIFT_COMPILATION_MODE = wholemodule;
				SWIFT_OPTIMIZATION_LEVEL = "-O";
				VALIDATE_PRODUCT = YES;
			};
			name = Release;
		};
		B05E20A420DE8DF300D62C23 /* Debug */ = {
			isa = XCBuildConfiguration;
			buildSettings = {
				ASSETCATALOG_COMPILER_APPICON_NAME = AppIcon;
				CODE_SIGN_STYLE = Automatic;
				DEVELOPMENT_TEAM = 5KZ48NHCJ3;
				INFOPLIST_FILE = iOSMeshing/Info.plist;
				IPHONEOS_DEPLOYMENT_TARGET = 9.0;
				LD_RUNPATH_SEARCH_PATHS = (
					"$(inherited)",
					"@executable_path/Frameworks",
				);
				PRODUCT_BUNDLE_IDENTIFIER = com.matthieu.lefebvre.iOSMeshing;
				PRODUCT_NAME = "$(TARGET_NAME)";
				SWIFT_VERSION = 4.0;
				TARGETED_DEVICE_FAMILY = "1,2";
			};
			name = Debug;
		};
		B05E20A520DE8DF300D62C23 /* Release */ = {
			isa = XCBuildConfiguration;
			buildSettings = {
				ASSETCATALOG_COMPILER_APPICON_NAME = AppIcon;
				CODE_SIGN_STYLE = Automatic;
				DEVELOPMENT_TEAM = 5KZ48NHCJ3;
				INFOPLIST_FILE = iOSMeshing/Info.plist;
				IPHONEOS_DEPLOYMENT_TARGET = 9.0;
				LD_RUNPATH_SEARCH_PATHS = (
					"$(inherited)",
					"@executable_path/Frameworks",
				);
				PRODUCT_BUNDLE_IDENTIFIER = com.matthieu.lefebvre.iOSMeshing;
				PRODUCT_NAME = "$(TARGET_NAME)";
				SWIFT_VERSION = 4.0;
				TARGETED_DEVICE_FAMILY = "1,2";
			};
			name = Release;
		};
		B05E20A720DE8DF300D62C23 /* Debug */ = {
			isa = XCBuildConfiguration;
			buildSettings = {
				ALWAYS_EMBED_SWIFT_STANDARD_LIBRARIES = YES;
				BUNDLE_LOADER = "$(TEST_HOST)";
				CODE_SIGN_STYLE = Automatic;
				INFOPLIST_FILE = iOSMeshingTests/Info.plist;
				LD_RUNPATH_SEARCH_PATHS = (
					"$(inherited)",
					"@executable_path/Frameworks",
					"@loader_path/Frameworks",
				);
				PRODUCT_BUNDLE_IDENTIFIER = com.matthieu.lefebvre.iOSMeshingTests;
				PRODUCT_NAME = "$(TARGET_NAME)";
				SWIFT_VERSION = 4.0;
				TARGETED_DEVICE_FAMILY = "1,2";
				TEST_HOST = "$(BUILT_PRODUCTS_DIR)/iOSMeshing.app/iOSMeshing";
			};
			name = Debug;
		};
		B05E20A820DE8DF300D62C23 /* Release */ = {
			isa = XCBuildConfiguration;
			buildSettings = {
				ALWAYS_EMBED_SWIFT_STANDARD_LIBRARIES = YES;
				BUNDLE_LOADER = "$(TEST_HOST)";
				CODE_SIGN_STYLE = Automatic;
				INFOPLIST_FILE = iOSMeshingTests/Info.plist;
				LD_RUNPATH_SEARCH_PATHS = (
					"$(inherited)",
					"@executable_path/Frameworks",
					"@loader_path/Frameworks",
				);
				PRODUCT_BUNDLE_IDENTIFIER = com.matthieu.lefebvre.iOSMeshingTests;
				PRODUCT_NAME = "$(TARGET_NAME)";
				SWIFT_VERSION = 4.0;
				TARGETED_DEVICE_FAMILY = "1,2";
				TEST_HOST = "$(BUILT_PRODUCTS_DIR)/iOSMeshing.app/iOSMeshing";
			};
			name = Release;
		};
		B05E20AA20DE8DF300D62C23 /* Debug */ = {
			isa = XCBuildConfiguration;
			buildSettings = {
				ALWAYS_EMBED_SWIFT_STANDARD_LIBRARIES = YES;
				CODE_SIGN_STYLE = Automatic;
				INFOPLIST_FILE = iOSMeshingUITests/Info.plist;
				LD_RUNPATH_SEARCH_PATHS = (
					"$(inherited)",
					"@executable_path/Frameworks",
					"@loader_path/Frameworks",
				);
				PRODUCT_BUNDLE_IDENTIFIER = com.matthieu.lefebvre.iOSMeshingUITests;
				PRODUCT_NAME = "$(TARGET_NAME)";
				SWIFT_VERSION = 4.0;
				TARGETED_DEVICE_FAMILY = "1,2";
				TEST_TARGET_NAME = iOSMeshing;
			};
			name = Debug;
		};
		B05E20AB20DE8DF300D62C23 /* Release */ = {
			isa = XCBuildConfiguration;
			buildSettings = {
				ALWAYS_EMBED_SWIFT_STANDARD_LIBRARIES = YES;
				CODE_SIGN_STYLE = Automatic;
				INFOPLIST_FILE = iOSMeshingUITests/Info.plist;
				LD_RUNPATH_SEARCH_PATHS = (
					"$(inherited)",
					"@executable_path/Frameworks",
					"@loader_path/Frameworks",
				);
				PRODUCT_BUNDLE_IDENTIFIER = com.matthieu.lefebvre.iOSMeshingUITests;
				PRODUCT_NAME = "$(TARGET_NAME)";
				SWIFT_VERSION = 4.0;
				TARGETED_DEVICE_FAMILY = "1,2";
				TEST_TARGET_NAME = iOSMeshing;
			};
			name = Release;
		};
/* End XCBuildConfiguration section */

/* Begin XCConfigurationList section */
		B05E207620DE8DEE00D62C23 /* Build configuration list for PBXProject "iOSMeshing" */ = {
			isa = XCConfigurationList;
			buildConfigurations = (
				B05E20A120DE8DF300D62C23 /* Debug */,
				B05E20A220DE8DF300D62C23 /* Release */,
			);
			defaultConfigurationIsVisible = 0;
			defaultConfigurationName = Release;
		};
		B05E20A320DE8DF300D62C23 /* Build configuration list for PBXNativeTarget "iOSMeshing" */ = {
			isa = XCConfigurationList;
			buildConfigurations = (
				B05E20A420DE8DF300D62C23 /* Debug */,
				B05E20A520DE8DF300D62C23 /* Release */,
			);
			defaultConfigurationIsVisible = 0;
			defaultConfigurationName = Release;
		};
		B05E20A620DE8DF300D62C23 /* Build configuration list for PBXNativeTarget "iOSMeshingTests" */ = {
			isa = XCConfigurationList;
			buildConfigurations = (
				B05E20A720DE8DF300D62C23 /* Debug */,
				B05E20A820DE8DF300D62C23 /* Release */,
			);
			defaultConfigurationIsVisible = 0;
			defaultConfigurationName = Release;
		};
		B05E20A920DE8DF300D62C23 /* Build configuration list for PBXNativeTarget "iOSMeshingUITests" */ = {
			isa = XCConfigurationList;
			buildConfigurations = (
				B05E20AA20DE8DF300D62C23 /* Debug */,
				B05E20AB20DE8DF300D62C23 /* Release */,
			);
			defaultConfigurationIsVisible = 0;
			defaultConfigurationName = Release;
		};
/* End XCConfigurationList section */
	};
	rootObject = B05E207320DE8DEE00D62C23 /* Project object */;
}
